<?xml version="1.0" encoding="utf-8"?>
<Project ToolsVersion="4.0" xmlns="http://schemas.microsoft.com/developer/msbuild/2003">
  <ItemGroup>
    <Filter Include="Source Files">
      <UniqueIdentifier>{4FC737F1-C7A5-4376-A066-2A32D752A2FF}</UniqueIdentifier>
      <Extensions>cpp;c;cc;cxx;c++;cppm;ixx;def;odl;idl;hpj;bat;asm;asmx</Extensions>
    </Filter>
    <Filter Include="Header Files">
      <UniqueIdentifier>{93995380-89BD-4b04-88EB-625FBE52EBFB}</UniqueIdentifier>
      <Extensions>h;hh;hpp;hxx;h++;hm;inl;inc;ipp;xsd</Extensions>
    </Filter>
    <Filter Include="Resource Files">
      <UniqueIdentifier>{67DA6AB6-F800-4c08-8B7A-83BB121AAD01}</UniqueIdentifier>
      <Extensions>rc;ico;cur;bmp;dlg;rc2;rct;bin;rgs;gif;jpg;jpeg;jpe;resx;tiff;tif;png;wav;mfcribbon-ms</Extensions>
    </Filter>
  </ItemGroup>
  <ItemGroup>
    <ClCompile Include="src\main.cpp">
      <Filter>Source Files</Filter>
    </ClCompile>
  </ItemGroup>
  <ItemGroup>
    <ClInclude Include="src\Hacks\driver.hpp">
      <Filter>Header Files</Filter>
    </ClInclude>
    <ClInclude Include="src\Hacks\process.hpp">
      <Filter>Header Files</Filter>
    </ClInclude>
    <ClInclude Include="src\ftxui\component\animation.hpp">
      <Filter>Header Files</Filter>
    </ClInclude>
    <ClInclude Include="src\ftxui\component\captured_mouse.hpp">
      <Filter>Header Files</Filter>
    </ClInclude>
    <ClInclude Include="src\ftxui\component\component.hpp">
      <Filter>Header Files</Filter>
    </ClInclude>
    <ClInclude Include="src\ftxui\component\component_base.hpp">
      <Filter>Header Files</Filter>
    </ClInclude>
    <ClInclude Include="src\ftxui\component\component_options.hpp">
      <Filter>Header Files</Filter>
    </ClInclude>
    <ClInclude Include="src\ftxui\component\event.hpp">
      <Filter>Header Files</Filter>
    </ClInclude>
    <ClInclude Include="src\ftxui\component\loop.hpp">
      <Filter>Header Files</Filter>
    </ClInclude>
    <ClInclude Include="src\ftxui\component\mouse.hpp">
      <Filter>Header Files</Filter>
    </ClInclude>
    <ClInclude Include="src\ftxui\component\receiver.hpp">
      <Filter>Header Files</Filter>
    </ClInclude>
    <ClInclude Include="src\ftxui\component\screen_interactive.hpp">
      <Filter>Header Files</Filter>
    </ClInclude>
    <ClInclude Include="src\ftxui\component\task.hpp">
      <Filter>Header Files</Filter>
    </ClInclude>
    <ClInclude Include="src\ftxui\dom\canvas.hpp">
      <Filter>Header Files</Filter>
    </ClInclude>
    <ClInclude Include="src\ftxui\dom\deprecated.hpp">
      <Filter>Header Files</Filter>
    </ClInclude>
    <ClInclude Include="src\ftxui\dom\direction.hpp">
      <Filter>Header Files</Filter>
    </ClInclude>
    <ClInclude Include="src\ftxui\dom\elements.hpp">
      <Filter>Header Files</Filter>
    </ClInclude>
    <ClInclude Include="src\ftxui\dom\flexbox_config.hpp">
      <Filter>Header Files</Filter>
    </ClInclude>
    <ClInclude Include="src\ftxui\dom\linear_gradient.hpp">
      <Filter>Header Files</Filter>
    </ClInclude>
    <ClInclude Include="src\ftxui\dom\node.hpp">
      <Filter>Header Files</Filter>
    </ClInclude>
    <ClInclude Include="src\ftxui\dom\requirement.hpp">
      <Filter>Header Files</Filter>
    </ClInclude>
    <ClInclude Include="src\ftxui\dom\table.hpp">
      <Filter>Header Files</Filter>
    </ClInclude>
    <ClInclude Include="src\ftxui\dom\take_any_args.hpp">
      <Filter>Header Files</Filter>
    </ClInclude>
    <ClInclude Include="src\ftxui\screen\box.hpp">
      <Filter>Header Files</Filter>
    </ClInclude>
    <ClInclude Include="src\ftxui\screen\color.hpp">
      <Filter>Header Files</Filter>
    </ClInclude>
    <ClInclude Include="src\ftxui\screen\color_info.hpp">
      <Filter>Header Files</Filter>
    </ClInclude>
    <ClInclude Include="src\ftxui\screen\deprecated.hpp">
      <Filter>Header Files</Filter>
    </ClInclude>
    <ClInclude Include="src\ftxui\screen\screen.hpp">
      <Filter>Header Files</Filter>
    </ClInclude>
    <ClInclude Include="src\ftxui\screen\string.hpp">
      <Filter>Header Files</Filter>
    </ClInclude>
    <ClInclude Include="src\ftxui\screen\terminal.hpp">
      <Filter>Header Files</Filter>
    </ClInclude>
    <ClInclude Include="src\ftxui\util\autoreset.hpp">
      <Filter>Header Files</Filter>
    </ClInclude>
    <ClInclude Include="src\ftxui\util\ref.hpp">
      <Filter>Header Files</Filter>
    </ClInclude>
    <ClInclude Include="src\Hacks\CS2MEM\offsets.hpp">
      <Filter>Header Files</Filter>
    </ClInclude>
    <ClInclude Include="src\Hacks\CS2MEM\buttons.hpp">
      <Filter>Header Files</Filter>
    </ClInclude>
    <ClInclude Include="src\Hacks\CS2MEM\client_dll.hpp">
      <Filter>Header Files</Filter>
    </ClInclude>
    <ClInclude Include="src\Hacks\Hacks.hpp">
      <Filter>Header Files</Filter>
    </ClInclude>
    <ClInclude Include="src\Extra\colors.hpp">
      <Filter>Header Files</Filter>
    </ClInclude>
    <ClInclude Include="src\Hacks\Modules\Bomb.hpp">
      <Filter>Header Files</Filter>
    </ClInclude>
    <ClInclude Include="src\Hacks\Modules\Entity.hpp">
      <Filter>Header Files</Filter>
    </ClInclude>
    <ClInclude Include="src\Extra\console.hpp">
      <Filter>Header Files</Filter>
    </ClInclude>
    <ClInclude Include="src\Hacks\Modules\Settings.hpp">
      <Filter>Header Files</Filter>
    </ClInclude>
    <ClInclude Include="src\Hacks\Modules\Keys.hpp">
      <Filter>Header Files</Filter>
    </ClInclude>
  </ItemGroup>
</Project>